
Microsoft Visual Studio Solution File, Format Version 12.00
# Visual Studio Version 16
VisualStudioVersion = 16.0.30320.27
MinimumVisualStudioVersion = 10.0.40219.1
Project("{9A19103F-16F7-4668-BE54-9A1E7A4F7556}") = "RazorPagesMovie", "RazorPagesMovie\RazorPagesMovie.csproj", "{D69C2F18-141F-4364-9D86-8B32EAA480C2}"
EndProject
Project("{FAE04EC0-301F-11D3-BF4B-00C04F79EFBC}") = "MvcVehicleStore", "MvcVehicleStore\MvcVehicleStore.csproj", "{A4DF934E-21C7-4C00-B7CA-25F6742F7035}"
EndProject
Global
	GlobalSection(SolutionConfigurationPlatforms) = preSolution
		Debug|Any CPU = Debug|Any CPU
		Release|Any CPU = Release|Any CPU
	EndGlobalSection
	GlobalSection(ProjectConfigurationPlatforms) = postSolution
		{D69C2F18-141F-4364-9D86-8B32EAA480C2}.Debug|Any CPU.ActiveCfg = Debug|Any CPU
		{D69C2F18-141F-4364-9D86-8B32EAA480C2}.Debug|Any CPU.Build.0 = Debug|Any CPU
		{D69C2F18-141F-4364-9D86-8B32EAA480C2}.Release|Any CPU.ActiveCfg = Release|Any CPU
		{D69C2F18-141F-4364-9D86-8B32EAA480C2}.Release|Any CPU.Build.0 = Release|Any CPU
		{A4DF934E-21C7-4C00-B7CA-25F6742F7035}.Debug|Any CPU.ActiveCfg = Debug|Any CPU
		{A4DF934E-21C7-4C00-B7CA-25F6742F7035}.Debug|Any CPU.Build.0 = Debug|Any CPU
		{A4DF934E-21C7-4C00-B7CA-25F6742F7035}.Release|Any CPU.ActiveCfg = Release|Any CPU
		{A4DF934E-21C7-4C00-B7CA-25F6742F7035}.Release|Any CPU.Build.0 = Release|Any CPU
	EndGlobalSection
	GlobalSection(SolutionProperties) = preSolution
		HideSolutionNode = FALSE
	EndGlobalSection
	GlobalSection(ExtensibilityGlobals) = postSolution
		SolutionGuid = {6A00A092-14A8-46A1-8B4C-A58B71D487D1}
	EndGlobalSection
EndGlobal
